
Microsoft Visual Studio Solution File, Format Version 12.00
# Visual Studio Version 16
VisualStudioVersion = 16.0.30517.126
MinimumVisualStudioVersion = 10.0.40219.1
Project("{FAE04EC0-301F-11D3-BF4B-00C04F79EFBC}") = "DaramNetworkExpress", "DaramNetworkExpress\DaramNetworkExpress.csproj", "{77B38B40-B2F7-40FD-AE4B-437253059D26}"
EndProject
Global
	GlobalSection(SolutionConfigurationPlatforms) = preSolution
		Debug|Any CPU = Debug|Any CPU
		Release|Any CPU = Release|Any CPU
	EndGlobalSection
	GlobalSection(ProjectConfigurationPlatforms) = postSolution
		{77B38B40-B2F7-40FD-AE4B-437253059D26}.Debug|Any CPU.ActiveCfg = Debug|Any CPU
		{77B38B40-B2F7-40FD-AE4B-437253059D26}.Debug|Any CPU.Build.0 = Debug|Any CPU
		{77B38B40-B2F7-40FD-AE4B-437253059D26}.Release|Any CPU.ActiveCfg = Release|Any CPU
		{77B38B40-B2F7-40FD-AE4B-437253059D26}.Release|Any CPU.Build.0 = Release|Any CPU
	EndGlobalSection
	GlobalSection(SolutionProperties) = preSolution
		HideSolutionNode = FALSE
	EndGlobalSection
	GlobalSection(ExtensibilityGlobals) = postSolution
		SolutionGuid = {662FDEF3-D0E1-438D-A7B1-7CAC2A8EC402}
	EndGlobalSection
EndGlobal
